
Microsoft Visual Studio Solution File, Format Version 12.00
# Visual Studio Version 16
VisualStudioVersion = 16.0.30804.86
MinimumVisualStudioVersion = 10.0.40219.1
Project("{9A19103F-16F7-4668-BE54-9A1E7A4F7556}") = "Geveo.Modules.Robot.WebAPI", "Geveo Robot\Geveo.Modules.Robot.WebAPI.csproj", "{8DDB8A24-8200-4C85-9AF2-71FC6961E83E}"
EndProject
Project("{2150E333-8FDC-42A3-9474-1A3956D46DE8}") = "0100 Base", "0100 Base", "{596D98CF-7534-4335-A8E6-669ECEE214DD}"
EndProject
Project("{2150E333-8FDC-42A3-9474-1A3956D46DE8}") = "0101 Common", "0101 Common", "{25F260B9-BB3D-4DB8-A4D2-58A231AF7A45}"
EndProject
Project("{2150E333-8FDC-42A3-9474-1A3956D46DE8}") = "0101_01 DTOs", "0101_01 DTOs", "{3AD4AA83-B6C7-41FF-8030-E47F3E3B2248}"
EndProject
Project("{9A19103F-16F7-4668-BE54-9A1E7A4F7556}") = "Geveo.Modules.Robot.Base.Common.DTOs", "Geveo.Modules.Robot.Base.Common\Geveo.Modules.Robot.Base.Common.DTOs.csproj", "{2A1C17B6-C196-49B3-AFB2-2A3B1B80C675}"
EndProject
Project("{2150E333-8FDC-42A3-9474-1A3956D46DE8}") = "0200 Utilities", "0200 Utilities", "{BEF7C284-BE16-43B5-A930-50B558C3B555}"
EndProject
Project("{2150E333-8FDC-42A3-9474-1A3956D46DE8}") = "0300 Modules", "0300 Modules", "{98AD2CAC-8F8A-4464-97F1-DDF758A8677E}"
EndProject
Project("{2150E333-8FDC-42A3-9474-1A3956D46DE8}") = "301 Robot", "301 Robot", "{F7B56B7A-8655-48D1-B62F-7D5F1188FEC7}"
EndProject
Project("{2150E333-8FDC-42A3-9474-1A3956D46DE8}") = "0400 General", "0400 General", "{CE7C8F9C-331F-4A71-9FBD-1BD97AE1762E}"
EndProject
Project("{2150E333-8FDC-42A3-9474-1A3956D46DE8}") = "301_01 API", "301_01 API", "{5E8C8370-22C5-41A4-B516-51CE90027E57}"
EndProject
Project("{9A19103F-16F7-4668-BE54-9A1E7A4F7556}") = "Geveo.Modules.Robot.DTOs", "Geveo.Modules.Robot.DTOs\Geveo.Modules.Robot.DTOs.csproj", "{1B156612-D1A9-49CD-911F-CEB2ABAA17DD}"
EndProject
Project("{2150E333-8FDC-42A3-9474-1A3956D46DE8}") = "0201 ExceptionManagement", "0201 ExceptionManagement", "{5EC96EE5-18D6-40E5-B8D0-88F34145357B}"
EndProject
Project("{FAE04EC0-301F-11D3-BF4B-00C04F79EFBC}") = "Geveo.Utilities.Exception.ViewModels", "Geveo.Modules.Robot.Utilities.Exception.ViewModels\Geveo.Utilities.Exception.ViewModels.csproj", "{3AE77424-2214-438B-A715-FDEA809C5AF5}"
EndProject
Global
	GlobalSection(SolutionConfigurationPlatforms) = preSolution
		Debug|Any CPU = Debug|Any CPU
		Release|Any CPU = Release|Any CPU
	EndGlobalSection
	GlobalSection(ProjectConfigurationPlatforms) = postSolution
		{8DDB8A24-8200-4C85-9AF2-71FC6961E83E}.Debug|Any CPU.ActiveCfg = Debug|Any CPU
		{8DDB8A24-8200-4C85-9AF2-71FC6961E83E}.Debug|Any CPU.Build.0 = Debug|Any CPU
		{8DDB8A24-8200-4C85-9AF2-71FC6961E83E}.Release|Any CPU.ActiveCfg = Release|Any CPU
		{8DDB8A24-8200-4C85-9AF2-71FC6961E83E}.Release|Any CPU.Build.0 = Release|Any CPU
		{2A1C17B6-C196-49B3-AFB2-2A3B1B80C675}.Debug|Any CPU.ActiveCfg = Debug|Any CPU
		{2A1C17B6-C196-49B3-AFB2-2A3B1B80C675}.Debug|Any CPU.Build.0 = Debug|Any CPU
		{2A1C17B6-C196-49B3-AFB2-2A3B1B80C675}.Release|Any CPU.ActiveCfg = Release|Any CPU
		{2A1C17B6-C196-49B3-AFB2-2A3B1B80C675}.Release|Any CPU.Build.0 = Release|Any CPU
		{1B156612-D1A9-49CD-911F-CEB2ABAA17DD}.Debug|Any CPU.ActiveCfg = Debug|Any CPU
		{1B156612-D1A9-49CD-911F-CEB2ABAA17DD}.Debug|Any CPU.Build.0 = Debug|Any CPU
		{1B156612-D1A9-49CD-911F-CEB2ABAA17DD}.Release|Any CPU.ActiveCfg = Release|Any CPU
		{1B156612-D1A9-49CD-911F-CEB2ABAA17DD}.Release|Any CPU.Build.0 = Release|Any CPU
		{3AE77424-2214-438B-A715-FDEA809C5AF5}.Debug|Any CPU.ActiveCfg = Debug|Any CPU
		{3AE77424-2214-438B-A715-FDEA809C5AF5}.Debug|Any CPU.Build.0 = Debug|Any CPU
		{3AE77424-2214-438B-A715-FDEA809C5AF5}.Release|Any CPU.ActiveCfg = Release|Any CPU
		{3AE77424-2214-438B-A715-FDEA809C5AF5}.Release|Any CPU.Build.0 = Release|Any CPU
	EndGlobalSection
	GlobalSection(SolutionProperties) = preSolution
		HideSolutionNode = FALSE
	EndGlobalSection
	GlobalSection(NestedProjects) = preSolution
		{8DDB8A24-8200-4C85-9AF2-71FC6961E83E} = {5E8C8370-22C5-41A4-B516-51CE90027E57}
		{25F260B9-BB3D-4DB8-A4D2-58A231AF7A45} = {596D98CF-7534-4335-A8E6-669ECEE214DD}
		{3AD4AA83-B6C7-41FF-8030-E47F3E3B2248} = {25F260B9-BB3D-4DB8-A4D2-58A231AF7A45}
		{2A1C17B6-C196-49B3-AFB2-2A3B1B80C675} = {3AD4AA83-B6C7-41FF-8030-E47F3E3B2248}
		{F7B56B7A-8655-48D1-B62F-7D5F1188FEC7} = {98AD2CAC-8F8A-4464-97F1-DDF758A8677E}
		{5E8C8370-22C5-41A4-B516-51CE90027E57} = {F7B56B7A-8655-48D1-B62F-7D5F1188FEC7}
		{1B156612-D1A9-49CD-911F-CEB2ABAA17DD} = {5E8C8370-22C5-41A4-B516-51CE90027E57}
		{5EC96EE5-18D6-40E5-B8D0-88F34145357B} = {BEF7C284-BE16-43B5-A930-50B558C3B555}
		{3AE77424-2214-438B-A715-FDEA809C5AF5} = {5EC96EE5-18D6-40E5-B8D0-88F34145357B}
	EndGlobalSection
	GlobalSection(ExtensibilityGlobals) = postSolution
		SolutionGuid = {9EE60896-3EE6-4C01-82C3-C01C871CDEEF}
	EndGlobalSection
EndGlobal
